
Microsoft Visual Studio Solution File, Format Version 12.00
# Visual Studio Version 17
VisualStudioVersion = 17.13.35818.85 d17.13
MinimumVisualStudioVersion = 10.0.40219.1
Project("{FAE04EC0-301F-11D3-BF4B-00C04F79EFBC}") = "YSocket", "YSocket\YSocket.csproj", "{73B75F51-EEC1-761E-28CD-BBC33ECD8040}"
EndProject
Global
	GlobalSection(SolutionConfigurationPlatforms) = preSolution
		Debug|Any CPU = Debug|Any CPU
		Release|Any CPU = Release|Any CPU
	EndGlobalSection
	GlobalSection(ProjectConfigurationPlatforms) = postSolution
		{73B75F51-EEC1-761E-28CD-BBC33ECD8040}.Debug|Any CPU.ActiveCfg = Debug|Any CPU
		{73B75F51-EEC1-761E-28CD-BBC33ECD8040}.Debug|Any CPU.Build.0 = Debug|Any CPU
		{73B75F51-EEC1-761E-28CD-BBC33ECD8040}.Release|Any CPU.ActiveCfg = Release|Any CPU
		{73B75F51-EEC1-761E-28CD-BBC33ECD8040}.Release|Any CPU.Build.0 = Release|Any CPU
	EndGlobalSection
	GlobalSection(SolutionProperties) = preSolution
		HideSolutionNode = FALSE
	EndGlobalSection
	GlobalSection(ExtensibilityGlobals) = postSolution
		SolutionGuid = {57097C14-FC73-4BD1-A638-67094B4AEDF0}
	EndGlobalSection
EndGlobal
